<?xml version="1.0" encoding="utf-8"?>
<Project ToolsVersion="4.0" xmlns="http://schemas.microsoft.com/developer/msbuild/2003">
  <ItemGroup>
    <Filter Include="资源文件">
      <UniqueIdentifier>{67DA6AB6-F800-4c08-8B7A-83BB121AAD01}</UniqueIdentifier>
      <Extensions>rc;ico;cur;bmp;dlg;rc2;rct;bin;rgs;gif;jpg;jpeg;jpe;resx;tiff;tif;png;wav;mfcribbon-ms</Extensions>
    </Filter>
    <Filter Include="Shaders">
      <UniqueIdentifier>{bed30a2f-6119-4501-b974-6f8041682f35}</UniqueIdentifier>
    </Filter>
    <Filter Include="Programs">
      <UniqueIdentifier>{4FC737F1-C7A5-4376-A066-2A32D752A2FF}</UniqueIdentifier>
      <Extensions>cpp;c;cc;cxx;c++;cppm;ixx;def;odl;idl;hpj;bat;asm;asmx</Extensions>
    </Filter>
    <Filter Include="Programs\Deactive">
      <UniqueIdentifier>{092e5667-0b37-45cd-b243-1effa607362a}</UniqueIdentifier>
    </Filter>
    <Filter Include="Data">
      <UniqueIdentifier>{824c1538-3898-47a2-9811-1871bd0e37e2}</UniqueIdentifier>
    </Filter>
    <Filter Include="Lazy">
      <UniqueIdentifier>{1d394d89-2a04-40ad-b62b-5cbe4d7723bd}</UniqueIdentifier>
    </Filter>
    <Filter Include="Shaders\Shaders_Str">
      <UniqueIdentifier>{ad0a3a35-b0e6-4710-a2aa-57d81e85831f}</UniqueIdentifier>
    </Filter>
    <Filter Include="Shaders\RealShaders">
      <UniqueIdentifier>{bbceed67-a7a2-4d10-823e-179d42fda0df}</UniqueIdentifier>
    </Filter>
    <Filter Include="imgui">
      <UniqueIdentifier>{e0fd7d3b-6d61-403e-b9f7-8989d717f0e6}</UniqueIdentifier>
    </Filter>
    <Filter Include="Shaders\AdvancedShaders">
      <UniqueIdentifier>{b9a2c5eb-5e6e-4857-a5a9-b7994956b38e}</UniqueIdentifier>
    </Filter>
    <Filter Include="Shaders\ModelizedShader">
      <UniqueIdentifier>{0c6cc14b-22a5-48f2-b048-aaf1f1b8bf8c}</UniqueIdentifier>
    </Filter>
    <Filter Include="Shaders\GeoShaders">
      <UniqueIdentifier>{2d532cb8-4e65-4cde-adea-b33ca4072e46}</UniqueIdentifier>
    </Filter>
    <Filter Include="Shaders\Instance">
      <UniqueIdentifier>{0167c118-94d8-462d-abfa-9ddcc4e2d23c}</UniqueIdentifier>
    </Filter>
    <Filter Include="Shaders\LightManager">
      <UniqueIdentifier>{fe9b8809-2cbb-40d1-9ba9-7ddd3311ddf4}</UniqueIdentifier>
    </Filter>
    <Filter Include="Shaders\Shadows">
      <UniqueIdentifier>{0a119d17-7860-4cab-95ef-dc2f4bdb3512}</UniqueIdentifier>
    </Filter>
  </ItemGroup>
  <ItemGroup>
    <ClCompile Include="glad.c">
      <Filter>资源文件</Filter>
    </ClCompile>
    <ClCompile Include="imgui\imgui.cpp">
      <Filter>imgui</Filter>
    </ClCompile>
    <ClCompile Include="imgui\imgui_demo.cpp">
      <Filter>imgui</Filter>
    </ClCompile>
    <ClCompile Include="imgui\imgui_draw.cpp">
      <Filter>imgui</Filter>
    </ClCompile>
    <ClCompile Include="imgui\imgui_impl_glfw.cpp">
      <Filter>imgui</Filter>
    </ClCompile>
    <ClCompile Include="imgui\imgui_impl_opengl3.cpp">
      <Filter>imgui</Filter>
    </ClCompile>
    <ClCompile Include="imgui\imgui_tables.cpp">
      <Filter>imgui</Filter>
    </ClCompile>
    <ClCompile Include="imgui\imgui_widgets.cpp">
      <Filter>imgui</Filter>
    </ClCompile>
    <ClCompile Include="Render1.1.cpp">
      <Filter>Programs\Deactive</Filter>
    </ClCompile>
    <ClCompile Include="Render1.2.cpp">
      <Filter>Programs\Deactive</Filter>
    </ClCompile>
    <ClCompile Include="Render1.cpp">
      <Filter>Programs\Deactive</Filter>
    </ClCompile>
    <ClCompile Include="Render2.1.cpp">
      <Filter>Programs\Deactive</Filter>
    </ClCompile>
    <ClCompile Include="Render2.2.cpp">
      <Filter>Programs\Deactive</Filter>
    </ClCompile>
    <ClCompile Include="Render2.3.cpp">
      <Filter>Programs\Deactive</Filter>
    </ClCompile>
    <ClCompile Include="Render2.cpp">
      <Filter>Programs\Deactive</Filter>
    </ClCompile>
    <ClCompile Include="Render3.cpp">
      <Filter>Programs\Deactive</Filter>
    </ClCompile>
    <ClCompile Include="Render4.cpp">
      <Filter>Programs\Deactive</Filter>
    </ClCompile>
    <ClCompile Include="Render5.1.cpp">
      <Filter>Programs\Deactive</Filter>
    </ClCompile>
    <ClCompile Include="Render5.2.cpp">
      <Filter>Programs\Deactive</Filter>
    </ClCompile>
    <ClCompile Include="Render5.cpp">
      <Filter>Programs\Deactive</Filter>
    </ClCompile>
    <ClCompile Include="Render6.1.cpp">
      <Filter>Programs\Deactive</Filter>
    </ClCompile>
    <ClCompile Include="Render6.2.cpp">
      <Filter>Programs\Deactive</Filter>
    </ClCompile>
    <ClCompile Include="Render6.cpp">
      <Filter>Programs\Deactive</Filter>
    </ClCompile>
    <ClCompile Include="Render7.1.cpp">
      <Filter>Programs\Deactive</Filter>
    </ClCompile>
    <ClCompile Include="Render7.cpp">
      <Filter>Programs\Deactive</Filter>
    </ClCompile>
    <ClCompile Include="Render7.2.cpp">
      <Filter>Programs\Deactive</Filter>
    </ClCompile>
    <ClCompile Include="Render7.3.cpp">
      <Filter>Programs\Deactive</Filter>
    </ClCompile>
    <ClCompile Include="Render7.4.cpp">
      <Filter>Programs\Deactive</Filter>
    </ClCompile>
    <ClCompile Include="Render8.cpp">
      <Filter>Programs\Deactive</Filter>
    </ClCompile>
    <ClCompile Include="Render8.1.cpp">
      <Filter>Programs\Deactive</Filter>
    </ClCompile>
    <ClCompile Include="Render9.cpp">
      <Filter>Programs\Deactive</Filter>
    </ClCompile>
    <ClCompile Include="Render9.1.cpp">
      <Filter>Programs\Deactive</Filter>
    </ClCompile>
    <ClCompile Include="Render10.cpp">
      <Filter>Programs\Deactive</Filter>
    </ClCompile>
    <ClCompile Include="Render10.1.cpp">
      <Filter>Programs\Deactive</Filter>
    </ClCompile>
    <ClCompile Include="Render10.2.cpp">
      <Filter>Programs\Deactive</Filter>
    </ClCompile>
    <ClCompile Include="Render10.3.cpp">
      <Filter>Programs\Deactive</Filter>
    </ClCompile>
    <ClCompile Include="Render10.4.cpp">
      <Filter>Programs\Deactive</Filter>
    </ClCompile>
    <ClCompile Include="Render11.cpp">
      <Filter>Programs\Deactive</Filter>
    </ClCompile>
    <ClCompile Include="Shaders\Model.cpp">
      <Filter>Shaders</Filter>
    </ClCompile>
    <ClCompile Include="Render11.1.cpp">
      <Filter>Programs\Deactive</Filter>
    </ClCompile>
    <ClCompile Include="Render11.2.cpp">
      <Filter>Programs\Deactive</Filter>
    </ClCompile>
    <ClCompile Include="Render11.3.cpp">
      <Filter>Programs\Deactive</Filter>
    </ClCompile>
    <ClCompile Include="Render11.4.cpp">
      <Filter>Programs\Deactive</Filter>
    </ClCompile>
    <ClCompile Include="Render12.cpp">
      <Filter>Programs\Deactive</Filter>
    </ClCompile>
    <ClCompile Include="Render13.1.cpp">
      <Filter>Programs\Deactive</Filter>
    </ClCompile>
    <ClCompile Include="Render13_deprecated.cpp">
      <Filter>Programs\Deactive</Filter>
    </ClCompile>
    <ClCompile Include="Render14.cpp">
      <Filter>Programs\Deactive</Filter>
    </ClCompile>
    <ClCompile Include="Render14.1.cpp">
      <Filter>Programs\Deactive</Filter>
    </ClCompile>
    <ClCompile Include="Render15.cpp">
      <Filter>Programs\Deactive</Filter>
    </ClCompile>
    <ClCompile Include="Render16.cpp">
      <Filter>Programs\Deactive</Filter>
    </ClCompile>
    <ClCompile Include="PBR.cpp">
      <Filter>Programs\Deactive</Filter>
    </ClCompile>
  </ItemGroup>
  <ItemGroup>
    <ClInclude Include="Rectangle.hpp">
      <Filter>Data</Filter>
    </ClInclude>
    <ClInclude Include="Triangle.hpp">
      <Filter>Data</Filter>
    </ClInclude>
    <ClInclude Include="resource.h">
      <Filter>资源文件</Filter>
    </ClInclude>
    <ClInclude Include="twoTriangle.hpp">
      <Filter>Data</Filter>
    </ClInclude>
    <ClInclude Include="lazy.hpp">
      <Filter>Lazy</Filter>
    </ClInclude>
    <ClInclude Include="ColoredTriangle.hpp">
      <Filter>Data</Filter>
    </ClInclude>
    <ClInclude Include="Shaders\uniformShader.hpp">
      <Filter>Shaders\Shaders_Str</Filter>
    </ClInclude>
    <ClInclude Include="Shaders\ChainShader.hpp">
      <Filter>Shaders\Shaders_Str</Filter>
    </ClInclude>
    <ClInclude Include="Shaders\SimpleShader1.1.hpp">
      <Filter>Shaders\Shaders_Str</Filter>
    </ClInclude>
    <ClInclude Include="Shaders\SimpleShader1.hpp">
      <Filter>Shaders\Shaders_Str</Filter>
    </ClInclude>
    <ClInclude Include="stb_image.h">
      <Filter>资源文件</Filter>
    </ClInclude>
    <ClInclude Include="Cube.hpp">
      <Filter>Data</Filter>
    </ClInclude>
    <ClInclude Include="Camera.hpp">
      <Filter>Lazy</Filter>
    </ClInclude>
    <ClInclude Include="imgui\imconfig.h">
      <Filter>imgui</Filter>
    </ClInclude>
    <ClInclude Include="imgui\imgui.h">
      <Filter>imgui</Filter>
    </ClInclude>
    <ClInclude Include="imgui\imgui_impl_glfw.h">
      <Filter>imgui</Filter>
    </ClInclude>
    <ClInclude Include="imgui\imgui_impl_opengl3.h">
      <Filter>imgui</Filter>
    </ClInclude>
    <ClInclude Include="imgui\imgui_impl_opengl3_loader.h">
      <Filter>imgui</Filter>
    </ClInclude>
    <ClInclude Include="imgui\imgui_internal.h">
      <Filter>imgui</Filter>
    </ClInclude>
    <ClInclude Include="imgui\imstb_rectpack.h">
      <Filter>imgui</Filter>
    </ClInclude>
    <ClInclude Include="imgui\imstb_textedit.h">
      <Filter>imgui</Filter>
    </ClInclude>
    <ClInclude Include="imgui\imstb_truetype.h">
      <Filter>imgui</Filter>
    </ClInclude>
    <ClInclude Include="CubewithNormal.hpp">
      <Filter>Data</Filter>
    </ClInclude>
    <ClInclude Include="Light.hpp">
      <Filter>Lazy</Filter>
    </ClInclude>
    <ClInclude Include="Screen.hpp">
      <Filter>Data</Filter>
    </ClInclude>
    <ClInclude Include="Shaders\Mesh.hpp">
      <Filter>Shaders</Filter>
    </ClInclude>
    <ClInclude Include="Shaders\Model.hpp">
      <Filter>Shaders</Filter>
    </ClInclude>
    <ClInclude Include="Shaders\FrameBuffer.hpp">
      <Filter>Lazy</Filter>
    </ClInclude>
    <ClInclude Include="Shaders\SkyBox.hpp">
      <Filter>Lazy</Filter>
    </ClInclude>
    <ClInclude Include="LightUpdated.hpp">
      <Filter>Lazy</Filter>
    </ClInclude>
    <ClInclude Include="Lights\Attachments.hpp">
      <Filter>Shaders\LightManager</Filter>
    </ClInclude>
    <ClInclude Include="Lights\DirLight.hpp">
      <Filter>Shaders\LightManager</Filter>
    </ClInclude>
    <ClInclude Include="Lights\LightingManager.hpp">
      <Filter>Shaders\LightManager</Filter>
    </ClInclude>
    <ClInclude Include="Lights\PointLight.hpp">
      <Filter>Shaders\LightManager</Filter>
    </ClInclude>
    <ClInclude Include="Lights\SpotLight.hpp">
      <Filter>Shaders\LightManager</Filter>
    </ClInclude>
    <ClInclude Include="Shaders\BloomTools.hpp">
      <Filter>Shaders</Filter>
    </ClInclude>
    <ClInclude Include="Shaders\GBuffer.hpp">
      <Filter>Lazy</Filter>
    </ClInclude>
  </ItemGroup>
  <ItemGroup>
    <ResourceCompile Include="Lumina.rc">
      <Filter>资源文件</Filter>
    </ResourceCompile>
  </ItemGroup>
  <ItemGroup>
    <None Include="Shader.hpp">
      <Filter>Lazy</Filter>
    </None>
    <None Include="Shaders\testvertex.shader">
      <Filter>Shaders\RealShaders</Filter>
    </None>
    <None Include="Shaders\testfrag.shader">
      <Filter>Shaders\RealShaders</Filter>
    </None>
    <None Include="Shaders\texVertex.shader">
      <Filter>Shaders\RealShaders</Filter>
    </None>
    <None Include="Shaders\texFrag.shader">
      <Filter>Shaders\RealShaders</Filter>
    </None>
    <None Include="Shaders\transformVertex.shader">
      <Filter>Shaders\RealShaders</Filter>
    </None>
    <None Include="Shaders\transformMVP.shader">
      <Filter>Shaders\RealShaders</Filter>
    </None>
    <None Include="Shaders\cubeMVP.shader">
      <Filter>Shaders\RealShaders</Filter>
    </None>
    <None Include="Shaders\cubeFrag.shader">
      <Filter>Shaders\RealShaders</Filter>
    </None>
    <None Include="Shaders\7Fag.shader">
      <Filter>Shaders\RealShaders</Filter>
    </None>
    <None Include="Shaders\7Vex.shader">
      <Filter>Shaders\RealShaders</Filter>
    </None>
    <None Include="Shaders\lightFag.shader">
      <Filter>Shaders\RealShaders</Filter>
    </None>
    <None Include="Shaders\PhongFag.shader">
      <Filter>Shaders\RealShaders</Filter>
    </None>
    <None Include="Shaders\PhongVex.shader">
      <Filter>Shaders\RealShaders</Filter>
    </None>
    <None Include="Shaders\materializedFag.shader">
      <Filter>Shaders\RealShaders</Filter>
    </None>
    <None Include="Shaders\materializedVex.shader">
      <Filter>Shaders\RealShaders</Filter>
    </None>
    <None Include="Shaders\materializedtexturedFrag.shader">
      <Filter>Shaders\RealShaders</Filter>
    </None>
    <None Include="Shaders\materializedtexturedVex.shader">
      <Filter>Shaders\RealShaders</Filter>
    </None>
    <None Include="Shaders\lightComplex.vert">
      <Filter>Shaders\AdvancedShaders</Filter>
    </None>
    <None Include="Shaders\lightComplex.frag">
      <Filter>Shaders\AdvancedShaders</Filter>
    </None>
    <None Include="Shaders\ExternalModel.vert">
      <Filter>Shaders\ModelizedShader</Filter>
    </None>
    <None Include="Shaders\ExternalModel.frag">
      <Filter>Shaders\ModelizedShader</Filter>
    </None>
    <None Include="Shaders\ModelwithLighting.frag">
      <Filter>Shaders\ModelizedShader</Filter>
    </None>
    <None Include="Shaders\ModelwithLighting.vert">
      <Filter>Shaders\ModelizedShader</Filter>
    </None>
    <None Include="Shaders\SingleColor.frag">
      <Filter>Shaders\ModelizedShader</Filter>
    </None>
    <None Include="Shaders\AphlaDiscard.frag">
      <Filter>Shaders\ModelizedShader</Filter>
    </None>
    <None Include="Shaders\OffScreen.frag">
      <Filter>Shaders\ModelizedShader</Filter>
    </None>
    <None Include="Shaders\OffScreen.vert">
      <Filter>Shaders\ModelizedShader</Filter>
    </None>
    <None Include="Shaders\SkyBox.frag">
      <Filter>Shaders\ModelizedShader</Filter>
    </None>
    <None Include="Shaders\SkyBox.vert">
      <Filter>Shaders\ModelizedShader</Filter>
    </None>
    <None Include="Shaders\EnvironmentReflection.frag">
      <Filter>Shaders\ModelizedShader</Filter>
    </None>
    <None Include="Shaders\BulidinVarsTest.frag">
      <Filter>Shaders\ModelizedShader</Filter>
    </None>
    <None Include="Shaders\EMInterface_Block.frag">
      <Filter>Shaders\ModelizedShader</Filter>
    </None>
    <None Include="Shaders\EMInterface_Block.vert">
      <Filter>Shaders\ModelizedShader</Filter>
    </None>
    <None Include="Shaders\Geo_test.frag">
      <Filter>Shaders\GeoShaders</Filter>
    </None>
    <None Include="Shaders\Geo_test.geom">
      <Filter>Shaders\GeoShaders</Filter>
    </None>
    <None Include="Shaders\Geo_test.vert">
      <Filter>Shaders\GeoShaders</Filter>
    </None>
    <None Include="Shaders\Explode.frag">
      <Filter>Shaders\GeoShaders</Filter>
    </None>
    <None Include="Shaders\Explode.geom">
      <Filter>Shaders\GeoShaders</Filter>
    </None>
    <None Include="Shaders\Explode.vert">
      <Filter>Shaders\GeoShaders</Filter>
    </None>
    <None Include="Shaders\VisualizeNormal.frag">
      <Filter>Shaders\GeoShaders</Filter>
    </None>
    <None Include="Shaders\VisualizeNormal.geom">
      <Filter>Shaders\GeoShaders</Filter>
    </None>
    <None Include="Shaders\VisualizeNormal.vert">
      <Filter>Shaders\GeoShaders</Filter>
    </None>
    <None Include="Shaders\Instance.frag">
      <Filter>Shaders\Instance</Filter>
    </None>
    <None Include="Shaders\Instance.vert">
      <Filter>Shaders\Instance</Filter>
    </None>
    <None Include="Shaders\InstanceCube.frag">
      <Filter>Shaders\Instance</Filter>
    </None>
    <None Include="Shaders\instanceCube.vert">
      <Filter>Shaders\Instance</Filter>
    </None>
    <None Include="Shaders\Blinn_Phong.frag">
      <Filter>Shaders\AdvancedShaders</Filter>
    </None>
    <None Include="Shaders\Blinn_Phong.vert">
      <Filter>Shaders\AdvancedShaders</Filter>
    </None>
    <None Include="Shaders\SimpleDepth.frag">
      <Filter>Shaders\AdvancedShaders</Filter>
    </None>
    <None Include="Shaders\SimpleDepth.vert">
      <Filter>Shaders\AdvancedShaders</Filter>
    </None>
    <None Include="Shaders\offscreen_ForTesting.frag">
      <Filter>Shaders\AdvancedShaders</Filter>
    </None>
    <None Include="Shaders\ModelwithShadow.frag">
      <Filter>Shaders\AdvancedShaders</Filter>
    </None>
    <None Include="Shaders\ModelwithShadow.vert">
      <Filter>Shaders\AdvancedShaders</Filter>
    </None>
    <None Include="Shaders\CubeDepth.vert">
      <Filter>Shaders\Shadows</Filter>
    </None>
    <None Include="Shaders\CubeDepth.frag">
      <Filter>Shaders\Shadows</Filter>
    </None>
    <None Include="Shaders\CubeDepth.geom">
      <Filter>Shaders\Shadows</Filter>
    </None>
    <None Include="Shaders\LightCube.frag">
      <Filter>Shaders\Shadows</Filter>
    </None>
    <None Include="Shaders\LightCube.vert">
      <Filter>Shaders\Shadows</Filter>
    </None>
    <None Include="Shaders\ModelNormal.frag">
      <Filter>Shaders\AdvancedShaders</Filter>
    </None>
    <None Include="Shaders\ModelNormal.vert">
      <Filter>Shaders\AdvancedShaders</Filter>
    </None>
    <None Include="Shaders\Parallax.frag">
      <Filter>Shaders\AdvancedShaders</Filter>
    </None>
    <None Include="Shaders\Parallax.vert">
      <Filter>Shaders\AdvancedShaders</Filter>
    </None>
    <None Include="Shaders\ModelShadow2.frag">
      <Filter>Shaders\AdvancedShaders</Filter>
    </None>
    <None Include="Shaders\ModelShadow2.vert">
      <Filter>Shaders\AdvancedShaders</Filter>
    </None>
    <None Include="Shaders\HDR.frag">
      <Filter>Shaders\AdvancedShaders</Filter>
    </None>
    <None Include="Shaders\HDR.vert">
      <Filter>Shaders\AdvancedShaders</Filter>
    </None>
    <None Include="Shaders\Bloom.frag">
      <Filter>Shaders\AdvancedShaders</Filter>
    </None>
    <None Include="Shaders\Bloom.vert">
      <Filter>Shaders\AdvancedShaders</Filter>
    </None>
    <None Include="Shaders\LightCubeBloom.frag">
      <Filter>Shaders\AdvancedShaders</Filter>
    </None>
    <None Include="Shaders\GaussainBlur.frag">
      <Filter>Shaders\AdvancedShaders</Filter>
    </None>
    <None Include="Shaders\GaussainBlur.vert">
      <Filter>Shaders\AdvancedShaders</Filter>
    </None>
    <None Include="Shaders\BloomMix.frag">
      <Filter>Shaders\AdvancedShaders</Filter>
    </None>
    <None Include="Shaders\BloomMix.vert">
      <Filter>Shaders\AdvancedShaders</Filter>
    </None>
    <None Include="Shaders\GeometryPass.frag">
      <Filter>Shaders\AdvancedShaders</Filter>
    </None>
    <None Include="Shaders\GeometryPass.vert">
      <Filter>Shaders\AdvancedShaders</Filter>
    </None>
    <None Include="Shaders\LightingPass.frag">
      <Filter>Shaders\AdvancedShaders</Filter>
    </None>
    <None Include="Shaders\LightingPass.vert">
      <Filter>Shaders\AdvancedShaders</Filter>
    </None>
  </ItemGroup>
</Project>